
Microsoft Visual Studio Solution File, Format Version 12.00
# Visual Studio Version 16
VisualStudioVersion = 16.0.809.1
MinimumVisualStudioVersion = 10.0.40219.1
Project("{FAE04EC0-301F-11D3-BF4B-00C04F79EFBC}") = "tubes2stima", "tubes2stima.csproj", "{D54C3D76-C66A-4958-93FB-0CE3A35CCF29}"
EndProject
Global
	GlobalSection(SolutionConfigurationPlatforms) = preSolution
		Debug|anycpu = Debug|anycpu
		Release|anycpu = Release|anycpu
	EndGlobalSection
	GlobalSection(ProjectConfigurationPlatforms) = postSolution
		{D54C3D76-C66A-4958-93FB-0CE3A35CCF29}.Debug|anycpu.ActiveCfg = Debug|anycpu
		{D54C3D76-C66A-4958-93FB-0CE3A35CCF29}.Debug|anycpu.Build.0 = Debug|anycpu
		{D54C3D76-C66A-4958-93FB-0CE3A35CCF29}.Release|anycpu.ActiveCfg = Release|anycpu
		{D54C3D76-C66A-4958-93FB-0CE3A35CCF29}.Release|anycpu.Build.0 = Release|anycpu
	EndGlobalSection
	GlobalSection(SolutionProperties) = preSolution
		HideSolutionNode = FALSE
	EndGlobalSection
	GlobalSection(ExtensibilityGlobals) = postSolution
		SolutionGuid = {8D09F1EA-5AF3-4F92-8986-EB94E750452B}
	EndGlobalSection
EndGlobal
