
Microsoft Visual Studio Solution File, Format Version 12.00
# Visual Studio Version 16
VisualStudioVersion = 16.0.31112.23
MinimumVisualStudioVersion = 10.0.40219.1
Project("{FAE04EC0-301F-11D3-BF4B-00C04F79EFBC}") = "randomSTIMA", "randomSTIMA\randomSTIMA.csproj", "{A3843D5D-4050-4D88-B47A-DFAE57BA2DFD}"
EndProject
Global
	GlobalSection(SolutionConfigurationPlatforms) = preSolution
		Debug|Any CPU = Debug|Any CPU
		Release|Any CPU = Release|Any CPU
	EndGlobalSection
	GlobalSection(ProjectConfigurationPlatforms) = postSolution
		{A3843D5D-4050-4D88-B47A-DFAE57BA2DFD}.Debug|Any CPU.ActiveCfg = Debug|Any CPU
		{A3843D5D-4050-4D88-B47A-DFAE57BA2DFD}.Debug|Any CPU.Build.0 = Debug|Any CPU
		{A3843D5D-4050-4D88-B47A-DFAE57BA2DFD}.Release|Any CPU.ActiveCfg = Release|Any CPU
		{A3843D5D-4050-4D88-B47A-DFAE57BA2DFD}.Release|Any CPU.Build.0 = Release|Any CPU
	EndGlobalSection
	GlobalSection(SolutionProperties) = preSolution
		HideSolutionNode = FALSE
	EndGlobalSection
	GlobalSection(ExtensibilityGlobals) = postSolution
		SolutionGuid = {7580C0A4-5234-45F3-B001-5E95F3F8E676}
	EndGlobalSection
EndGlobal
